
Microsoft Visual Studio Solution File, Format Version 12.00
# Visual Studio Version 16
VisualStudioVersion = 16.0.30621.155
MinimumVisualStudioVersion = 10.0.40219.1
Project("{6EC3EE1D-3C4E-46DD-8F32-0CC8E7565705}") = "PBEM", "PBEM.fsproj", "{FDC0B520-4C06-4D96-8905-292BF18BA7B5}"
EndProject
Project("{6EC3EE1D-3C4E-46DD-8F32-0CC8E7565705}") = "PBEM.Tests", "PBEM.Tests\PBEM.Tests.fsproj", "{636221CF-8D6A-446C-B903-957535D61FA6}"
EndProject
Project("{2150E333-8FDC-42A3-9474-1A3956D46DE8}") = "Solution Items", "Solution Items", "{87F1A9F5-898B-4D54-BFC0-704115F99424}"
	ProjectSection(SolutionItems) = preProject
		BadMap.txt = BadMap.txt
		BadParseMap.txt = BadParseMap.txt
		BadRoadMap.txt = BadRoadMap.txt
		README.md = README.md
		SampleMap.txt = SampleMap.txt
	EndProjectSection
EndProject
Global
	GlobalSection(SolutionConfigurationPlatforms) = preSolution
		Debug|Any CPU = Debug|Any CPU
		Release|Any CPU = Release|Any CPU
	EndGlobalSection
	GlobalSection(ProjectConfigurationPlatforms) = postSolution
		{FDC0B520-4C06-4D96-8905-292BF18BA7B5}.Debug|Any CPU.ActiveCfg = Debug|Any CPU
		{FDC0B520-4C06-4D96-8905-292BF18BA7B5}.Debug|Any CPU.Build.0 = Debug|Any CPU
		{FDC0B520-4C06-4D96-8905-292BF18BA7B5}.Release|Any CPU.ActiveCfg = Release|Any CPU
		{FDC0B520-4C06-4D96-8905-292BF18BA7B5}.Release|Any CPU.Build.0 = Release|Any CPU
		{636221CF-8D6A-446C-B903-957535D61FA6}.Debug|Any CPU.ActiveCfg = Debug|Any CPU
		{636221CF-8D6A-446C-B903-957535D61FA6}.Debug|Any CPU.Build.0 = Debug|Any CPU
		{636221CF-8D6A-446C-B903-957535D61FA6}.Release|Any CPU.ActiveCfg = Release|Any CPU
		{636221CF-8D6A-446C-B903-957535D61FA6}.Release|Any CPU.Build.0 = Release|Any CPU
	EndGlobalSection
	GlobalSection(SolutionProperties) = preSolution
		HideSolutionNode = FALSE
	EndGlobalSection
	GlobalSection(ExtensibilityGlobals) = postSolution
		SolutionGuid = {CE80E688-72E9-4831-82B3-596B086BBCCE}
	EndGlobalSection
EndGlobal
